{
  "name": "build-sizes",
  "version": "3.2.0",
  "lockfileVersion": 2,
  "requires": true,
  "packages": {
    "": {
      "name": "build-sizes",
      "version": "3.2.0",
      "license": "MIT",
      "bin": {
        "build-sizes": "dist/cli.js"
      },
      "engines": {
        "node": ">=12"
      }
    }
  }
}
